
Microsoft Visual Studio Solution File, Format Version 12.00
# Visual Studio Version 17
VisualStudioVersion = 17.7.34202.233
MinimumVisualStudioVersion = 10.0.40219.1
Project("{9A19103F-16F7-4668-BE54-9A1E7A4F7556}") = "Basic Programs", "Basic Programs\Basic Programs.csproj", "{B8B15D00-9D56-42D9-A3D5-81C8C4986A31}"
EndProject
Project("{9A19103F-16F7-4668-BE54-9A1E7A4F7556}") = "Assignment", "Assignment\Assignment.csproj", "{B08076E7-6E59-4C21-B37A-2B971A4FC1AB}"
EndProject
Project("{9A19103F-16F7-4668-BE54-9A1E7A4F7556}") = "Daily work", "Daily work\Daily work.csproj", "{99BCA818-1E8C-4572-A4D1-F3B741FDFCB5}"
EndProject
Project("{9A19103F-16F7-4668-BE54-9A1E7A4F7556}") = "Case Study", "Case Study\Case Study.csproj", "{A0EFD94C-33D0-47CC-AB3F-FC43C4072655}"
EndProject
Project("{FAE04EC0-301F-11D3-BF4B-00C04F79EFBC}") = "LINQ", "LINQ\LINQ.csproj", "{2B95AB1A-0761-4874-B695-21367CB25074}"
EndProject
Global
	GlobalSection(SolutionConfigurationPlatforms) = preSolution
		Debug|Any CPU = Debug|Any CPU
		Release|Any CPU = Release|Any CPU
	EndGlobalSection
	GlobalSection(ProjectConfigurationPlatforms) = postSolution
		{B8B15D00-9D56-42D9-A3D5-81C8C4986A31}.Debug|Any CPU.ActiveCfg = Debug|Any CPU
		{B8B15D00-9D56-42D9-A3D5-81C8C4986A31}.Debug|Any CPU.Build.0 = Debug|Any CPU
		{B8B15D00-9D56-42D9-A3D5-81C8C4986A31}.Release|Any CPU.ActiveCfg = Release|Any CPU
		{B8B15D00-9D56-42D9-A3D5-81C8C4986A31}.Release|Any CPU.Build.0 = Release|Any CPU
		{B08076E7-6E59-4C21-B37A-2B971A4FC1AB}.Debug|Any CPU.ActiveCfg = Debug|Any CPU
		{B08076E7-6E59-4C21-B37A-2B971A4FC1AB}.Debug|Any CPU.Build.0 = Debug|Any CPU
		{B08076E7-6E59-4C21-B37A-2B971A4FC1AB}.Release|Any CPU.ActiveCfg = Release|Any CPU
		{B08076E7-6E59-4C21-B37A-2B971A4FC1AB}.Release|Any CPU.Build.0 = Release|Any CPU
		{99BCA818-1E8C-4572-A4D1-F3B741FDFCB5}.Debug|Any CPU.ActiveCfg = Debug|Any CPU
		{99BCA818-1E8C-4572-A4D1-F3B741FDFCB5}.Debug|Any CPU.Build.0 = Debug|Any CPU
		{99BCA818-1E8C-4572-A4D1-F3B741FDFCB5}.Release|Any CPU.ActiveCfg = Release|Any CPU
		{99BCA818-1E8C-4572-A4D1-F3B741FDFCB5}.Release|Any CPU.Build.0 = Release|Any CPU
		{A0EFD94C-33D0-47CC-AB3F-FC43C4072655}.Debug|Any CPU.ActiveCfg = Debug|Any CPU
		{A0EFD94C-33D0-47CC-AB3F-FC43C4072655}.Debug|Any CPU.Build.0 = Debug|Any CPU
		{A0EFD94C-33D0-47CC-AB3F-FC43C4072655}.Release|Any CPU.ActiveCfg = Release|Any CPU
		{A0EFD94C-33D0-47CC-AB3F-FC43C4072655}.Release|Any CPU.Build.0 = Release|Any CPU
		{2B95AB1A-0761-4874-B695-21367CB25074}.Debug|Any CPU.ActiveCfg = Debug|Any CPU
		{2B95AB1A-0761-4874-B695-21367CB25074}.Debug|Any CPU.Build.0 = Debug|Any CPU
		{2B95AB1A-0761-4874-B695-21367CB25074}.Release|Any CPU.ActiveCfg = Release|Any CPU
		{2B95AB1A-0761-4874-B695-21367CB25074}.Release|Any CPU.Build.0 = Release|Any CPU
	EndGlobalSection
	GlobalSection(SolutionProperties) = preSolution
		HideSolutionNode = FALSE
	EndGlobalSection
	GlobalSection(ExtensibilityGlobals) = postSolution
		SolutionGuid = {6A179B97-5A3B-4345-8B30-E878B3E97B87}
	EndGlobalSection
EndGlobal
